
Microsoft Visual Studio Solution File, Format Version 12.00
Project("{FAE04EC0-301F-11D3-BF4B-00C04F79EFBC}") = "AccessibilityAgent", "AccessibilityAgent\AccessibilityAgent.csproj", "{FF04454E-576E-4730-93E0-EA43C71D914D}"
EndProject
Global
	GlobalSection(SolutionConfigurationPlatforms) = preSolution
		Debug|Any CPU = Debug|Any CPU
		Release|Any CPU = Release|Any CPU
	EndGlobalSection
	GlobalSection(ProjectConfigurationPlatforms) = postSolution
		{FF04454E-576E-4730-93E0-EA43C71D914D}.Debug|Any CPU.ActiveCfg = Debug|Any CPU
		{FF04454E-576E-4730-93E0-EA43C71D914D}.Debug|Any CPU.Build.0 = Debug|Any CPU
		{FF04454E-576E-4730-93E0-EA43C71D914D}.Release|Any CPU.ActiveCfg = Release|Any CPU
		{FF04454E-576E-4730-93E0-EA43C71D914D}.Release|Any CPU.Build.0 = Release|Any CPU
	EndGlobalSection
EndGlobal
